
Microsoft Visual Studio Solution File, Format Version 12.00
# Visual Studio Version 17
VisualStudioVersion = 17.4.33205.214
MinimumVisualStudioVersion = 10.0.40219.1
Project("{FAE04EC0-301F-11D3-BF4B-00C04F79EFBC}") = "Multi-function dice roll_WinFormsApp", "Multi-function dice roll_WinFormsApp\Multi-function dice roll_WinFormsApp.csproj", "{FC9E9CA3-FCB4-46D7-B690-BF30305755FA}"
EndProject
Global
	GlobalSection(SolutionConfigurationPlatforms) = preSolution
		Debug|Any CPU = Debug|Any CPU
		Release|Any CPU = Release|Any CPU
	EndGlobalSection
	GlobalSection(ProjectConfigurationPlatforms) = postSolution
		{FC9E9CA3-FCB4-46D7-B690-BF30305755FA}.Debug|Any CPU.ActiveCfg = Debug|Any CPU
		{FC9E9CA3-FCB4-46D7-B690-BF30305755FA}.Debug|Any CPU.Build.0 = Debug|Any CPU
		{FC9E9CA3-FCB4-46D7-B690-BF30305755FA}.Release|Any CPU.ActiveCfg = Release|Any CPU
		{FC9E9CA3-FCB4-46D7-B690-BF30305755FA}.Release|Any CPU.Build.0 = Release|Any CPU
	EndGlobalSection
	GlobalSection(SolutionProperties) = preSolution
		HideSolutionNode = FALSE
	EndGlobalSection
	GlobalSection(ExtensibilityGlobals) = postSolution
		SolutionGuid = {0C4A5A69-EF54-4187-B048-146BF10A5D64}
	EndGlobalSection
EndGlobal
